
Microsoft Visual Studio Solution File, Format Version 12.00
# Visual Studio 14
VisualStudioVersion = 14.0.24720.0
MinimumVisualStudioVersion = 10.0.40219.1
Project("{FAE04EC0-301F-11D3-BF4B-00C04F79EFBC}") = "HelloWorldGit", "HelloWorldGit\HelloWorldGit.csproj", "{C1D19915-502D-405F-81CA-19C15B396DC8}"
EndProject
Project("{FAE04EC0-301F-11D3-BF4B-00C04F79EFBC}") = "HelloWorldGit.Tests", "HelloWorldGit.Tests\HelloWorldGit.Tests.csproj", "{E6B1B259-6D2F-4EFC-A41C-CC445A837A52}"
EndProject
Global
	GlobalSection(SolutionConfigurationPlatforms) = preSolution
		Debug|Any CPU = Debug|Any CPU
		Release|Any CPU = Release|Any CPU
	EndGlobalSection
	GlobalSection(ProjectConfigurationPlatforms) = postSolution
		{C1D19915-502D-405F-81CA-19C15B396DC8}.Debug|Any CPU.ActiveCfg = Debug|Any CPU
		{C1D19915-502D-405F-81CA-19C15B396DC8}.Debug|Any CPU.Build.0 = Debug|Any CPU
		{C1D19915-502D-405F-81CA-19C15B396DC8}.Release|Any CPU.ActiveCfg = Release|Any CPU
		{C1D19915-502D-405F-81CA-19C15B396DC8}.Release|Any CPU.Build.0 = Release|Any CPU
		{E6B1B259-6D2F-4EFC-A41C-CC445A837A52}.Debug|Any CPU.ActiveCfg = Debug|Any CPU
		{E6B1B259-6D2F-4EFC-A41C-CC445A837A52}.Debug|Any CPU.Build.0 = Debug|Any CPU
		{E6B1B259-6D2F-4EFC-A41C-CC445A837A52}.Release|Any CPU.ActiveCfg = Release|Any CPU
		{E6B1B259-6D2F-4EFC-A41C-CC445A837A52}.Release|Any CPU.Build.0 = Release|Any CPU
	EndGlobalSection
	GlobalSection(SolutionProperties) = preSolution
		HideSolutionNode = FALSE
	EndGlobalSection
EndGlobal
